
Microsoft Visual Studio Solution File, Format Version 12.00
# Visual Studio Version 16
VisualStudioVersion = 16.0.30523.141
MinimumVisualStudioVersion = 10.0.40219.1
Project("{FAE04EC0-301F-11D3-BF4B-00C04F79EFBC}") = "SumOfAllFearsChallenge", "SumOfAllFearsChallenge.csproj", "{916DEF03-FB3A-4997-BA76-2E5DE5EBC4F7}"
EndProject
Global
	GlobalSection(SolutionConfigurationPlatforms) = preSolution
		Debug|Any CPU = Debug|Any CPU
		Release|Any CPU = Release|Any CPU
	EndGlobalSection
	GlobalSection(ProjectConfigurationPlatforms) = postSolution
		{916DEF03-FB3A-4997-BA76-2E5DE5EBC4F7}.Debug|Any CPU.ActiveCfg = Debug|Any CPU
		{916DEF03-FB3A-4997-BA76-2E5DE5EBC4F7}.Debug|Any CPU.Build.0 = Debug|Any CPU
		{916DEF03-FB3A-4997-BA76-2E5DE5EBC4F7}.Release|Any CPU.ActiveCfg = Release|Any CPU
		{916DEF03-FB3A-4997-BA76-2E5DE5EBC4F7}.Release|Any CPU.Build.0 = Release|Any CPU
	EndGlobalSection
	GlobalSection(SolutionProperties) = preSolution
		HideSolutionNode = FALSE
	EndGlobalSection
	GlobalSection(ExtensibilityGlobals) = postSolution
		SolutionGuid = {99641681-7AE6-47E7-94DC-7D0111DEB206}
	EndGlobalSection
EndGlobal
